
Microsoft Visual Studio Solution File, Format Version 12.00
# Visual Studio Version 17
VisualStudioVersion = 17.3.32929.385
MinimumVisualStudioVersion = 10.0.40219.1
Project("{FAE04EC0-301F-11D3-BF4B-00C04F79EFBC}") = "SqliteTest.Android", "SqliteTest\SqliteTest.Android\SqliteTest.Android.csproj", "{227B9E59-DAC2-4642-9E5B-4C8B353FE323}"
EndProject
Project("{FAE04EC0-301F-11D3-BF4B-00C04F79EFBC}") = "SqliteTest", "SqliteTest\SqliteTest\SqliteTest.csproj", "{2C60256F-DB6C-4727-BACE-C6D31717326A}"
EndProject
Global
	GlobalSection(SolutionConfigurationPlatforms) = preSolution
		Debug|Any CPU = Debug|Any CPU
		Release|Any CPU = Release|Any CPU
	EndGlobalSection
	GlobalSection(ProjectConfigurationPlatforms) = postSolution
		{227B9E59-DAC2-4642-9E5B-4C8B353FE323}.Debug|Any CPU.ActiveCfg = Debug|Any CPU
		{227B9E59-DAC2-4642-9E5B-4C8B353FE323}.Debug|Any CPU.Build.0 = Debug|Any CPU
		{227B9E59-DAC2-4642-9E5B-4C8B353FE323}.Debug|Any CPU.Deploy.0 = Debug|Any CPU
		{227B9E59-DAC2-4642-9E5B-4C8B353FE323}.Release|Any CPU.ActiveCfg = Release|Any CPU
		{227B9E59-DAC2-4642-9E5B-4C8B353FE323}.Release|Any CPU.Build.0 = Release|Any CPU
		{227B9E59-DAC2-4642-9E5B-4C8B353FE323}.Release|Any CPU.Deploy.0 = Release|Any CPU
		{2C60256F-DB6C-4727-BACE-C6D31717326A}.Debug|Any CPU.ActiveCfg = Debug|Any CPU
		{2C60256F-DB6C-4727-BACE-C6D31717326A}.Debug|Any CPU.Build.0 = Debug|Any CPU
		{2C60256F-DB6C-4727-BACE-C6D31717326A}.Debug|Any CPU.Deploy.0 = Debug|Any CPU
		{2C60256F-DB6C-4727-BACE-C6D31717326A}.Release|Any CPU.ActiveCfg = Release|Any CPU
		{2C60256F-DB6C-4727-BACE-C6D31717326A}.Release|Any CPU.Build.0 = Release|Any CPU
		{2C60256F-DB6C-4727-BACE-C6D31717326A}.Release|Any CPU.Deploy.0 = Release|Any CPU
	EndGlobalSection
	GlobalSection(SolutionProperties) = preSolution
		HideSolutionNode = FALSE
	EndGlobalSection
	GlobalSection(ExtensibilityGlobals) = postSolution
		SolutionGuid = {45BA1468-9730-4A49-9527-8003E2B0335A}
	EndGlobalSection
EndGlobal
